
Microsoft Visual Studio Solution File, Format Version 12.00
# Visual Studio Version 16
VisualStudioVersion = 16.0.29306.81
MinimumVisualStudioVersion = 10.0.40219.1
Project("{FAE04EC0-301F-11D3-BF4B-00C04F79EFBC}") = "InvoiceRecognizer", "InvoiveRecognizer\InvoiceRecognizer.csproj", "{A19A1679-3458-4C4F-ADC4-A2FC5B31C874}"
EndProject
Project("{FAE04EC0-301F-11D3-BF4B-00C04F79EFBC}") = "TestInvoiceRecognizer", "TestInvoiceRecognizer\TestInvoiceRecognizer.csproj", "{5F70B68D-BE35-4077-96E8-FC3214D10DDB}"
EndProject
Global
	GlobalSection(SolutionConfigurationPlatforms) = preSolution
		Debug|Any CPU = Debug|Any CPU
		Release|Any CPU = Release|Any CPU
	EndGlobalSection
	GlobalSection(ProjectConfigurationPlatforms) = postSolution
		{A19A1679-3458-4C4F-ADC4-A2FC5B31C874}.Debug|Any CPU.ActiveCfg = Debug|Any CPU
		{A19A1679-3458-4C4F-ADC4-A2FC5B31C874}.Debug|Any CPU.Build.0 = Debug|Any CPU
		{A19A1679-3458-4C4F-ADC4-A2FC5B31C874}.Release|Any CPU.ActiveCfg = Release|Any CPU
		{A19A1679-3458-4C4F-ADC4-A2FC5B31C874}.Release|Any CPU.Build.0 = Release|Any CPU
		{5F70B68D-BE35-4077-96E8-FC3214D10DDB}.Debug|Any CPU.ActiveCfg = Debug|Any CPU
		{5F70B68D-BE35-4077-96E8-FC3214D10DDB}.Debug|Any CPU.Build.0 = Debug|Any CPU
		{5F70B68D-BE35-4077-96E8-FC3214D10DDB}.Release|Any CPU.ActiveCfg = Release|Any CPU
		{5F70B68D-BE35-4077-96E8-FC3214D10DDB}.Release|Any CPU.Build.0 = Release|Any CPU
	EndGlobalSection
	GlobalSection(SolutionProperties) = preSolution
		HideSolutionNode = FALSE
	EndGlobalSection
	GlobalSection(ExtensibilityGlobals) = postSolution
		SolutionGuid = {40056061-82C3-431E-B6C5-33D291753B16}
	EndGlobalSection
EndGlobal
